// !$*UTF8*$!
{
	archiveVersion = 1;
	classes = {
	};
	objectVersion = 46;
	objects = {

/* Begin PBXBuildFile section */
		D94937191C041E710064BCEC /* UIViewExtensions.swift in Sources */ = {isa = PBXBuildFile; fileRef = D94937181C041E710064BCEC /* UIViewExtensions.swift */; };
		D984F0E11BB058C40092FC31 /* AboutViewController.swift in Sources */ = {isa = PBXBuildFile; fileRef = D984F0E01BB058C40092FC31 /* AboutViewController.swift */; };
		D984F14D1BB442BE0092FC31 /* TimeToLive.swift in Sources */ = {isa = PBXBuildFile; fileRef = D984F14C1BB442BE0092FC31 /* TimeToLive.swift */; };
		D9C366C81BAF9A05005D6186 /* ResetBirthdayViewController.swift in Sources */ = {isa = PBXBuildFile; fileRef = D9C366C71BAF9A05005D6186 /* ResetBirthdayViewController.swift */; };
		D9DF6EA41BCFFB2400F78D5C /* startViewController.swift in Sources */ = {isa = PBXBuildFile; fileRef = D9DF6EA31BCFFB2400F78D5C /* startViewController.swift */; };
		D9F51D7E1BEBB67A00F92F6D /* AddNotificationsViewController.swift in Sources */ = {isa = PBXBuildFile; fileRef = D9F51D7D1BEBB67A00F92F6D /* AddNotificationsViewController.swift */; };
		D9FA82D11B85905A001D8120 /* AppDelegate.swift in Sources */ = {isa = PBXBuildFile; fileRef = D9FA82D01B85905A001D8120 /* AppDelegate.swift */; };
		D9FA82D41B85905A001D8120 /* ttl.xcdatamodeld in Sources */ = {isa = PBXBuildFile; fileRef = D9FA82D21B85905A001D8120 /* ttl.xcdatamodeld */; };
		D9FA82D61B85905A001D8120 /* ViewController.swift in Sources */ = {isa = PBXBuildFile; fileRef = D9FA82D51B85905A001D8120 /* ViewController.swift */; };
		D9FA82D91B85905A001D8120 /* Main.storyboard in Resources */ = {isa = PBXBuildFile; fileRef = D9FA82D71B85905A001D8120 /* Main.storyboard */; };
		D9FA82DB1B85905A001D8120 /* Images.xcassets in Resources */ = {isa = PBXBuildFile; fileRef = D9FA82DA1B85905A001D8120 /* Images.xcassets */; };
		D9FA82DE1B85905A001D8120 /* LaunchScreen.xib in Resources */ = {isa = PBXBuildFile; fileRef = D9FA82DC1B85905A001D8120 /* LaunchScreen.xib */; };
		D9FA82EA1B85905A001D8120 /* ttlTests.swift in Sources */ = {isa = PBXBuildFile; fileRef = D9FA82E91B85905A001D8120 /* ttlTests.swift */; };
		D9FA82FC1B862818001D8120 /* ShowTimeToLiveViewController.swift in Sources */ = {isa = PBXBuildFile; fileRef = D9FA82FB1B862818001D8120 /* ShowTimeToLiveViewController.swift */; };
/* End PBXBuildFile section */

/* Begin PBXContainerItemProxy section */
		D9FA82E41B85905A001D8120 /* PBXContainerItemProxy */ = {
			isa = PBXContainerItemProxy;
			containerPortal = D9FA82C31B85905A001D8120 /* Project object */;
			proxyType = 1;
			remoteGlobalIDString = D9FA82CA1B85905A001D8120;
			remoteInfo = ttl;
		};
/* End PBXContainerItemProxy section */

/* Begin PBXFileReference section */
		D94937181C041E710064BCEC /* UIViewExtensions.swift */ = {isa = PBXFileReference; fileEncoding = 4; lastKnownFileType = sourcecode.swift; path = UIViewExtensions.swift; sourceTree = "<group>"; };
		D984F0E01BB058C40092FC31 /* AboutViewController.swift */ = {isa = PBXFileReference; fileEncoding = 4; lastKnownFileType = sourcecode.swift; path = AboutViewController.swift; sourceTree = "<group>"; };
		D984F14C1BB442BE0092FC31 /* TimeToLive.swift */ = {isa = PBXFileReference; fileEncoding = 4; lastKnownFileType = sourcecode.swift; path = TimeToLive.swift; sourceTree = "<group>"; };
		D9C366C71BAF9A05005D6186 /* ResetBirthdayViewController.swift */ = {isa = PBXFileReference; fileEncoding = 4; lastKnownFileType = sourcecode.swift; path = ResetBirthdayViewController.swift; sourceTree = "<group>"; };
		D9DF6EA31BCFFB2400F78D5C /* startViewController.swift */ = {isa = PBXFileReference; fileEncoding = 4; lastKnownFileType = sourcecode.swift; path = startViewController.swift; sourceTree = "<group>"; };
		D9F51D7D1BEBB67A00F92F6D /* AddNotificationsViewController.swift */ = {isa = PBXFileReference; fileEncoding = 4; lastKnownFileType = sourcecode.swift; path = AddNotificationsViewController.swift; sourceTree = "<group>"; };
		D9FA82CB1B85905A001D8120 /* ttl.app */ = {isa = PBXFileReference; explicitFileType = wrapper.application; includeInIndex = 0; path = ttl.app; sourceTree = BUILT_PRODUCTS_DIR; };
		D9FA82CF1B85905A001D8120 /* Info.plist */ = {isa = PBXFileReference; lastKnownFileType = text.plist.xml; path = Info.plist; sourceTree = "<group>"; };
		D9FA82D01B85905A001D8120 /* AppDelegate.swift */ = {isa = PBXFileReference; lastKnownFileType = sourcecode.swift; path = AppDelegate.swift; sourceTree = "<group>"; };
		D9FA82D31B85905A001D8120 /* ttl.xcdatamodel */ = {isa = PBXFileReference; lastKnownFileType = wrapper.xcdatamodel; path = ttl.xcdatamodel; sourceTree = "<group>"; };
		D9FA82D51B85905A001D8120 /* ViewController.swift */ = {isa = PBXFileReference; lastKnownFileType = sourcecode.swift; path = ViewController.swift; sourceTree = "<group>"; };
		D9FA82D81B85905A001D8120 /* Base */ = {isa = PBXFileReference; lastKnownFileType = file.storyboard; name = Base; path = Base.lproj/Main.storyboard; sourceTree = "<group>"; };
		D9FA82DA1B85905A001D8120 /* Images.xcassets */ = {isa = PBXFileReference; lastKnownFileType = folder.assetcatalog; path = Images.xcassets; sourceTree = "<group>"; };
		D9FA82DD1B85905A001D8120 /* Base */ = {isa = PBXFileReference; lastKnownFileType = file.xib; name = Base; path = Base.lproj/LaunchScreen.xib; sourceTree = "<group>"; };
		D9FA82E31B85905A001D8120 /* ttlTests.xctest */ = {isa = PBXFileReference; explicitFileType = wrapper.cfbundle; includeInIndex = 0; path = ttlTests.xctest; sourceTree = BUILT_PRODUCTS_DIR; };
		D9FA82E81B85905A001D8120 /* Info.plist */ = {isa = PBXFileReference; lastKnownFileType = text.plist.xml; path = Info.plist; sourceTree = "<group>"; };
		D9FA82E91B85905A001D8120 /* ttlTests.swift */ = {isa = PBXFileReference; lastKnownFileType = sourcecode.swift; path = ttlTests.swift; sourceTree = "<group>"; };
		D9FA82FB1B862818001D8120 /* ShowTimeToLiveViewController.swift */ = {isa = PBXFileReference; fileEncoding = 4; lastKnownFileType = sourcecode.swift; path = ShowTimeToLiveViewController.swift; sourceTree = "<group>"; };
/* End PBXFileReference section */

/* Begin PBXFrameworksBuildPhase section */
		D9FA82C81B85905A001D8120 /* Frameworks */ = {
			isa = PBXFrameworksBuildPhase;
			buildActionMask = 2147483647;
			files = (
			);
			runOnlyForDeploymentPostprocessing = 0;
		};
		D9FA82E01B85905A001D8120 /* Frameworks */ = {
			isa = PBXFrameworksBuildPhase;
			buildActionMask = 2147483647;
			files = (
			);
			runOnlyForDeploymentPostprocessing = 0;
		};
/* End PBXFrameworksBuildPhase section */

/* Begin PBXGroup section */
		D9FA82C21B85905A001D8120 = {
			isa = PBXGroup;
			children = (
				D9FA82CD1B85905A001D8120 /* ttl */,
				D9FA82E61B85905A001D8120 /* ttlTests */,
				D9FA82CC1B85905A001D8120 /* Products */,
			);
			sourceTree = "<group>";
		};
		D9FA82CC1B85905A001D8120 /* Products */ = {
			isa = PBXGroup;
			children = (
				D9FA82CB1B85905A001D8120 /* ttl.app */,
				D9FA82E31B85905A001D8120 /* ttlTests.xctest */,
			);
			name = Products;
			sourceTree = "<group>";
		};
		D9FA82CD1B85905A001D8120 /* ttl */ = {
			isa = PBXGroup;
			children = (
				D9FA82D01B85905A001D8120 /* AppDelegate.swift */,
				D984F14C1BB442BE0092FC31 /* TimeToLive.swift */,
				D9FA82D51B85905A001D8120 /* ViewController.swift */,
				D9FA82D71B85905A001D8120 /* Main.storyboard */,
				D984F0E01BB058C40092FC31 /* AboutViewController.swift */,
				D9C366C71BAF9A05005D6186 /* ResetBirthdayViewController.swift */,
				D9FA82FB1B862818001D8120 /* ShowTimeToLiveViewController.swift */,
				D9FA82DA1B85905A001D8120 /* Images.xcassets */,
				D9FA82DC1B85905A001D8120 /* LaunchScreen.xib */,
				D9FA82D21B85905A001D8120 /* ttl.xcdatamodeld */,
				D9FA82CE1B85905A001D8120 /* Supporting Files */,
				D9DF6EA31BCFFB2400F78D5C /* startViewController.swift */,
				D9F51D7D1BEBB67A00F92F6D /* AddNotificationsViewController.swift */,
				D94937181C041E710064BCEC /* UIViewExtensions.swift */,
			);
			path = ttl;
			sourceTree = "<group>";
		};
		D9FA82CE1B85905A001D8120 /* Supporting Files */ = {
			isa = PBXGroup;
			children = (
				D9FA82CF1B85905A001D8120 /* Info.plist */,
			);
			name = "Supporting Files";
			sourceTree = "<group>";
		};
		D9FA82E61B85905A001D8120 /* ttlTests */ = {
			isa = PBXGroup;
			children = (
				D9FA82E91B85905A001D8120 /* ttlTests.swift */,
				D9FA82E71B85905A001D8120 /* Supporting Files */,
			);
			path = ttlTests;
			sourceTree = "<group>";
		};
		D9FA82E71B85905A001D8120 /* Supporting Files */ = {
			isa = PBXGroup;
			children = (
				D9FA82E81B85905A001D8120 /* Info.plist */,
			);
			name = "Supporting Files";
			sourceTree = "<group>";
		};
/* End PBXGroup section */

/* Begin PBXNativeTarget section */
		D9FA82CA1B85905A001D8120 /* ttl */ = {
			isa = PBXNativeTarget;
			buildConfigurationList = D9FA82ED1B85905A001D8120 /* Build configuration list for PBXNativeTarget "ttl" */;
			buildPhases = (
				D9FA82C71B85905A001D8120 /* Sources */,
				D9FA82C81B85905A001D8120 /* Frameworks */,
				D9FA82C91B85905A001D8120 /* Resources */,
			);
			buildRules = (
			);
			dependencies = (
			);
			name = ttl;
			productName = ttl;
			productReference = D9FA82CB1B85905A001D8120 /* ttl.app */;
			productType = "com.apple.product-type.application";
		};
		D9FA82E21B85905A001D8120 /* ttlTests */ = {
			isa = PBXNativeTarget;
			buildConfigurationList = D9FA82F01B85905A001D8120 /* Build configuration list for PBXNativeTarget "ttlTests" */;
			buildPhases = (
				D9FA82DF1B85905A001D8120 /* Sources */,
				D9FA82E01B85905A001D8120 /* Frameworks */,
				D9FA82E11B85905A001D8120 /* Resources */,
			);
			buildRules = (
			);
			dependencies = (
				D9FA82E51B85905A001D8120 /* PBXTargetDependency */,
			);
			name = ttlTests;
			productName = ttlTests;
			productReference = D9FA82E31B85905A001D8120 /* ttlTests.xctest */;
			productType = "com.apple.product-type.bundle.unit-test";
		};
/* End PBXNativeTarget section */

/* Begin PBXProject section */
		D9FA82C31B85905A001D8120 /* Project object */ = {
			isa = PBXProject;
			attributes = {
				LastSwiftMigration = 0720;
				LastSwiftUpdateCheck = 0720;
				LastUpgradeCheck = 0720;
				ORGANIZATIONNAME = andy;
				TargetAttributes = {
					D9FA82CA1B85905A001D8120 = {
						CreatedOnToolsVersion = 6.3;
						DevelopmentTeam = K33A3S94PS;
					};
					D9FA82E21B85905A001D8120 = {
						CreatedOnToolsVersion = 6.3;
						TestTargetID = D9FA82CA1B85905A001D8120;
					};
				};
			};
			buildConfigurationList = D9FA82C61B85905A001D8120 /* Build configuration list for PBXProject "ttl" */;
			compatibilityVersion = "Xcode 3.2";
			developmentRegion = English;
			hasScannedForEncodings = 0;
			knownRegions = (
				en,
				Base,
			);
			mainGroup = D9FA82C21B85905A001D8120;
			productRefGroup = D9FA82CC1B85905A001D8120 /* Products */;
			projectDirPath = "";
			projectRoot = "";
			targets = (
				D9FA82CA1B85905A001D8120 /* ttl */,
				D9FA82E21B85905A001D8120 /* ttlTests */,
			);
		};
/* End PBXProject section */

/* Begin PBXResourcesBuildPhase section */
		D9FA82C91B85905A001D8120 /* Resources */ = {
			isa = PBXResourcesBuildPhase;
			buildActionMask = 2147483647;
			files = (
				D9FA82D91B85905A001D8120 /* Main.storyboard in Resources */,
				D9FA82DE1B85905A001D8120 /* LaunchScreen.xib in Resources */,
				D9FA82DB1B85905A001D8120 /* Images.xcassets in Resources */,
			);
			runOnlyForDeploymentPostprocessing = 0;
		};
		D9FA82E11B85905A001D8120 /* Resources */ = {
			isa = PBXResourcesBuildPhase;
			buildActionMask = 2147483647;
			files = (
			);
			runOnlyForDeploymentPostprocessing = 0;
		};
/* End PBXResourcesBuildPhase section */

/* Begin PBXSourcesBuildPhase section */
		D9FA82C71B85905A001D8120 /* Sources */ = {
			isa = PBXSourcesBuildPhase;
			buildActionMask = 2147483647;
			files = (
				D984F0E11BB058C40092FC31 /* AboutViewController.swift in Sources */,
				D9DF6EA41BCFFB2400F78D5C /* startViewController.swift in Sources */,
				D9FA82D61B85905A001D8120 /* ViewController.swift in Sources */,
				D9FA82D41B85905A001D8120 /* ttl.xcdatamodeld in Sources */,
				D984F14D1BB442BE0092FC31 /* TimeToLive.swift in Sources */,
				D9FA82D11B85905A001D8120 /* AppDelegate.swift in Sources */,
				D94937191C041E710064BCEC /* UIViewExtensions.swift in Sources */,
				D9FA82FC1B862818001D8120 /* ShowTimeToLiveViewController.swift in Sources */,
				D9C366C81BAF9A05005D6186 /* ResetBirthdayViewController.swift in Sources */,
				D9F51D7E1BEBB67A00F92F6D /* AddNotificationsViewController.swift in Sources */,
			);
			runOnlyForDeploymentPostprocessing = 0;
		};
		D9FA82DF1B85905A001D8120 /* Sources */ = {
			isa = PBXSourcesBuildPhase;
			buildActionMask = 2147483647;
			files = (
				D9FA82EA1B85905A001D8120 /* ttlTests.swift in Sources */,
			);
			runOnlyForDeploymentPostprocessing = 0;
		};
/* End PBXSourcesBuildPhase section */

/* Begin PBXTargetDependency section */
		D9FA82E51B85905A001D8120 /* PBXTargetDependency */ = {
			isa = PBXTargetDependency;
			target = D9FA82CA1B85905A001D8120 /* ttl */;
			targetProxy = D9FA82E41B85905A001D8120 /* PBXContainerItemProxy */;
		};
/* End PBXTargetDependency section */

/* Begin PBXVariantGroup section */
		D9FA82D71B85905A001D8120 /* Main.storyboard */ = {
			isa = PBXVariantGroup;
			children = (
				D9FA82D81B85905A001D8120 /* Base */,
			);
			name = Main.storyboard;
			sourceTree = "<group>";
		};
		D9FA82DC1B85905A001D8120 /* LaunchScreen.xib */ = {
			isa = PBXVariantGroup;
			children = (
				D9FA82DD1B85905A001D8120 /* Base */,
			);
			name = LaunchScreen.xib;
			sourceTree = "<group>";
		};
/* End PBXVariantGroup section */

/* Begin XCBuildConfiguration section */
		D9FA82EB1B85905A001D8120 /* Debug */ = {
			isa = XCBuildConfiguration;
			buildSettings = {
				ALWAYS_SEARCH_USER_PATHS = NO;
				CLANG_CXX_LANGUAGE_STANDARD = "gnu++0x";
				CLANG_CXX_LIBRARY = "libc++";
				CLANG_ENABLE_MODULES = YES;
				CLANG_ENABLE_OBJC_ARC = YES;
				CLANG_WARN_BOOL_CONVERSION = YES;
				CLANG_WARN_CONSTANT_CONVERSION = YES;
				CLANG_WARN_DIRECT_OBJC_ISA_USAGE = YES_ERROR;
				CLANG_WARN_EMPTY_BODY = YES;
				CLANG_WARN_ENUM_CONVERSION = YES;
				CLANG_WARN_INT_CONVERSION = YES;
				CLANG_WARN_OBJC_ROOT_CLASS = YES_ERROR;
				CLANG_WARN_UNREACHABLE_CODE = YES;
				CLANG_WARN__DUPLICATE_METHOD_MATCH = YES;
				"CODE_SIGN_IDENTITY[sdk=iphoneos*]" = "iPhone Developer";
				COPY_PHASE_STRIP = NO;
				DEBUG_INFORMATION_FORMAT = "dwarf-with-dsym";
				ENABLE_STRICT_OBJC_MSGSEND = YES;
				ENABLE_TESTABILITY = YES;
				GCC_C_LANGUAGE_STANDARD = gnu99;
				GCC_DYNAMIC_NO_PIC = NO;
				GCC_NO_COMMON_BLOCKS = YES;
				GCC_OPTIMIZATION_LEVEL = 0;
				GCC_PREPROCESSOR_DEFINITIONS = (
					"DEBUG=1",
					"$(inherited)",
				);
				GCC_SYMBOLS_PRIVATE_EXTERN = NO;
				GCC_WARN_64_TO_32_BIT_CONVERSION = YES;
				GCC_WARN_ABOUT_RETURN_TYPE = YES_ERROR;
				GCC_WARN_UNDECLARED_SELECTOR = YES;
				GCC_WARN_UNINITIALIZED_AUTOS = YES_AGGRESSIVE;
				GCC_WARN_UNUSED_FUNCTION = YES;
				GCC_WARN_UNUSED_VARIABLE = YES;
				IPHONEOS_DEPLOYMENT_TARGET = 9.2;
				MTL_ENABLE_DEBUG_INFO = YES;
				ONLY_ACTIVE_ARCH = YES;
				SDKROOT = iphoneos;
				SWIFT_OPTIMIZATION_LEVEL = "-Onone";
			};
			name = Debug;
		};
		D9FA82EC1B85905A001D8120 /* Release */ = {
			isa = XCBuildConfiguration;
			buildSettings = {
				ALWAYS_SEARCH_USER_PATHS = NO;
				CLANG_CXX_LANGUAGE_STANDARD = "gnu++0x";
				CLANG_CXX_LIBRARY = "libc++";
				CLANG_ENABLE_MODULES = YES;
				CLANG_ENABLE_OBJC_ARC = YES;
				CLANG_WARN_BOOL_CONVERSION = YES;
				CLANG_WARN_CONSTANT_CONVERSION = YES;
				CLANG_WARN_DIRECT_OBJC_ISA_USAGE = YES_ERROR;
				CLANG_WARN_EMPTY_BODY = YES;
				CLANG_WARN_ENUM_CONVERSION = YES;
				CLANG_WARN_INT_CONVERSION = YES;
				CLANG_WARN_OBJC_ROOT_CLASS = YES_ERROR;
				CLANG_WARN_UNREACHABLE_CODE = YES;
				CLANG_WARN__DUPLICATE_METHOD_MATCH = YES;
				"CODE_SIGN_IDENTITY[sdk=iphoneos*]" = "iPhone Developer";
				COPY_PHASE_STRIP = NO;
				DEBUG_INFORMATION_FORMAT = "dwarf-with-dsym";
				ENABLE_NS_ASSERTIONS = NO;
				ENABLE_STRICT_OBJC_MSGSEND = YES;
				GCC_C_LANGUAGE_STANDARD = gnu99;
				GCC_NO_COMMON_BLOCKS = YES;
				GCC_WARN_64_TO_32_BIT_CONVERSION = YES;
				GCC_WARN_ABOUT_RETURN_TYPE = YES_ERROR;
				GCC_WARN_UNDECLARED_SELECTOR = YES;
				GCC_WARN_UNINITIALIZED_AUTOS = YES_AGGRESSIVE;
				GCC_WARN_UNUSED_FUNCTION = YES;
				GCC_WARN_UNUSED_VARIABLE = YES;
				IPHONEOS_DEPLOYMENT_TARGET = 9.2;
				MTL_ENABLE_DEBUG_INFO = NO;
				SDKROOT = iphoneos;
				VALIDATE_PRODUCT = YES;
			};
			name = Release;
		};
		D9FA82EE1B85905A001D8120 /* Debug */ = {
			isa = XCBuildConfiguration;
			buildSettings = {
				ASSETCATALOG_COMPILER_APPICON_NAME = AppIcon;
				CODE_SIGN_IDENTITY = "iPhone Developer";
				INFOPLIST_FILE = ttl/Info.plist;
				IPHONEOS_DEPLOYMENT_TARGET = 8.3;
				LD_RUNPATH_SEARCH_PATHS = "$(inherited) @executable_path/Frameworks";
				PRODUCT_BUNDLE_IDENTIFIER = "com.andy.$(PRODUCT_NAME:rfc1034identifier)";
				PRODUCT_NAME = "$(TARGET_NAME)";
			};
			name = Debug;
		};
		D9FA82EF1B85905A001D8120 /* Release */ = {
			isa = XCBuildConfiguration;
			buildSettings = {
				ASSETCATALOG_COMPILER_APPICON_NAME = AppIcon;
				CODE_SIGN_IDENTITY = "iPhone Developer";
				INFOPLIST_FILE = ttl/Info.plist;
				IPHONEOS_DEPLOYMENT_TARGET = 8.3;
				LD_RUNPATH_SEARCH_PATHS = "$(inherited) @executable_path/Frameworks";
				PRODUCT_BUNDLE_IDENTIFIER = "com.andy.$(PRODUCT_NAME:rfc1034identifier)";
				PRODUCT_NAME = "$(TARGET_NAME)";
			};
			name = Release;
		};
		D9FA82F11B85905A001D8120 /* Debug */ = {
			isa = XCBuildConfiguration;
			buildSettings = {
				BUNDLE_LOADER = "$(TEST_HOST)";
				FRAMEWORK_SEARCH_PATHS = (
					"$(SDKROOT)/Developer/Library/Frameworks",
					"$(inherited)",
				);
				GCC_PREPROCESSOR_DEFINITIONS = (
					"DEBUG=1",
					"$(inherited)",
				);
				INFOPLIST_FILE = ttlTests/Info.plist;
				LD_RUNPATH_SEARCH_PATHS = "$(inherited) @executable_path/Frameworks @loader_path/Frameworks";
				PRODUCT_BUNDLE_IDENTIFIER = "com.andy.$(PRODUCT_NAME:rfc1034identifier)";
				PRODUCT_NAME = "$(TARGET_NAME)";
				TEST_HOST = "$(BUILT_PRODUCTS_DIR)/ttl.app/ttl";
			};
			name = Debug;
		};
		D9FA82F21B85905A001D8120 /* Release */ = {
			isa = XCBuildConfiguration;
			buildSettings = {
				BUNDLE_LOADER = "$(TEST_HOST)";
				FRAMEWORK_SEARCH_PATHS = (
					"$(SDKROOT)/Developer/Library/Frameworks",
					"$(inherited)",
				);
				INFOPLIST_FILE = ttlTests/Info.plist;
				LD_RUNPATH_SEARCH_PATHS = "$(inherited) @executable_path/Frameworks @loader_path/Frameworks";
				PRODUCT_BUNDLE_IDENTIFIER = "com.andy.$(PRODUCT_NAME:rfc1034identifier)";
				PRODUCT_NAME = "$(TARGET_NAME)";
				TEST_HOST = "$(BUILT_PRODUCTS_DIR)/ttl.app/ttl";
			};
			name = Release;
		};
/* End XCBuildConfiguration section */

/* Begin XCConfigurationList section */
		D9FA82C61B85905A001D8120 /* Build configuration list for PBXProject "ttl" */ = {
			isa = XCConfigurationList;
			buildConfigurations = (
				D9FA82EB1B85905A001D8120 /* Debug */,
				D9FA82EC1B85905A001D8120 /* Release */,
			);
			defaultConfigurationIsVisible = 0;
			defaultConfigurationName = Release;
		};
		D9FA82ED1B85905A001D8120 /* Build configuration list for PBXNativeTarget "ttl" */ = {
			isa = XCConfigurationList;
			buildConfigurations = (
				D9FA82EE1B85905A001D8120 /* Debug */,
				D9FA82EF1B85905A001D8120 /* Release */,
			);
			defaultConfigurationIsVisible = 0;
			defaultConfigurationName = Release;
		};
		D9FA82F01B85905A001D8120 /* Build configuration list for PBXNativeTarget "ttlTests" */ = {
			isa = XCConfigurationList;
			buildConfigurations = (
				D9FA82F11B85905A001D8120 /* Debug */,
				D9FA82F21B85905A001D8120 /* Release */,
			);
			defaultConfigurationIsVisible = 0;
			defaultConfigurationName = Release;
		};
/* End XCConfigurationList section */

/* Begin XCVersionGroup section */
		D9FA82D21B85905A001D8120 /* ttl.xcdatamodeld */ = {
			isa = XCVersionGroup;
			children = (
				D9FA82D31B85905A001D8120 /* ttl.xcdatamodel */,
			);
			currentVersion = D9FA82D31B85905A001D8120 /* ttl.xcdatamodel */;
			path = ttl.xcdatamodeld;
			sourceTree = "<group>";
			versionGroupType = wrapper.xcdatamodel;
		};
/* End XCVersionGroup section */
	};
	rootObject = D9FA82C31B85905A001D8120 /* Project object */;
}
